{
  "name": "repo-pattern",
  "version": "0.0.2",
  "lockfileVersion": 3,
  "requires": true,
  "packages": {
    "": {
      "name": "repo-pattern",
      "version": "0.0.2",
      "license": "MIT",
      "bin": {
        "repo-pattern": "scripts/repo-pattern.mjs"
      },
      "engines": {
        "node": ">=18"
      }
    }
  }
}
